
Microsoft Visual Studio Solution File, Format Version 12.00
# Visual Studio Version 16
VisualStudioVersion = 16.0.30611.23
MinimumVisualStudioVersion = 10.0.40219.1
Project("{8BC9CEB8-8B4A-11D0-8D11-00A0C91BC942}") = "Laba10.2", "Laba10.2\Laba10.2.vcxproj", "{C03B6917-B540-44B9-AA04-372363F43BCB}"
EndProject
Project("{8BC9CEB8-8B4A-11D0-8D11-00A0C91BC942}") = "Laba10.2UnitTest", "Laba10.2UnitTest\Laba10.2UnitTest.vcxproj", "{6DCB442C-C6E0-40C6-AB1C-023D8B5285D5}"
EndProject
Global
	GlobalSection(SolutionConfigurationPlatforms) = preSolution
		Debug|x64 = Debug|x64
		Debug|x86 = Debug|x86
		Release|x64 = Release|x64
		Release|x86 = Release|x86
	EndGlobalSection
	GlobalSection(ProjectConfigurationPlatforms) = postSolution
		{C03B6917-B540-44B9-AA04-372363F43BCB}.Debug|x64.ActiveCfg = Debug|x64
		{C03B6917-B540-44B9-AA04-372363F43BCB}.Debug|x64.Build.0 = Debug|x64
		{C03B6917-B540-44B9-AA04-372363F43BCB}.Debug|x86.ActiveCfg = Debug|Win32
		{C03B6917-B540-44B9-AA04-372363F43BCB}.Debug|x86.Build.0 = Debug|Win32
		{C03B6917-B540-44B9-AA04-372363F43BCB}.Release|x64.ActiveCfg = Release|x64
		{C03B6917-B540-44B9-AA04-372363F43BCB}.Release|x64.Build.0 = Release|x64
		{C03B6917-B540-44B9-AA04-372363F43BCB}.Release|x86.ActiveCfg = Release|Win32
		{C03B6917-B540-44B9-AA04-372363F43BCB}.Release|x86.Build.0 = Release|Win32
		{6DCB442C-C6E0-40C6-AB1C-023D8B5285D5}.Debug|x64.ActiveCfg = Debug|x64
		{6DCB442C-C6E0-40C6-AB1C-023D8B5285D5}.Debug|x64.Build.0 = Debug|x64
		{6DCB442C-C6E0-40C6-AB1C-023D8B5285D5}.Debug|x86.ActiveCfg = Debug|Win32
		{6DCB442C-C6E0-40C6-AB1C-023D8B5285D5}.Debug|x86.Build.0 = Debug|Win32
		{6DCB442C-C6E0-40C6-AB1C-023D8B5285D5}.Release|x64.ActiveCfg = Release|x64
		{6DCB442C-C6E0-40C6-AB1C-023D8B5285D5}.Release|x64.Build.0 = Release|x64
		{6DCB442C-C6E0-40C6-AB1C-023D8B5285D5}.Release|x86.ActiveCfg = Release|Win32
		{6DCB442C-C6E0-40C6-AB1C-023D8B5285D5}.Release|x86.Build.0 = Release|Win32
	EndGlobalSection
	GlobalSection(SolutionProperties) = preSolution
		HideSolutionNode = FALSE
	EndGlobalSection
	GlobalSection(ExtensibilityGlobals) = postSolution
		SolutionGuid = {7F4357A3-AAD3-4995-958B-81A5539FAB3E}
	EndGlobalSection
EndGlobal
